{
  "nodes": {
    "home-manager": {
      "inputs": {
        "nixpkgs": "nixpkgs"
      },
      "locked": {
        "lastModified": 1616106770,
        "narHash": "sha256-Is3w00c8NM8q/AReQI5l4AN3mn9mcTYEEU/CeG1tmZU=",
        "owner": "nix-community",
        "repo": "home-manager",
        "rev": "f30b62a74d05e055208bea448442b9fc483e9fa5",
        "type": "github"
      },
      "original": {
        "owner": "nix-community",
        "repo": "home-manager",
        "type": "github"
      }
    },
    "nixpkgs": {
      "locked": {
        "lastModified": 1616208571,
        "narHash": "sha256-xubP5O3tmZ9coZMSfW/pAHwF/mJvmYThzsBzK00xEE8=",
        "owner": "NixOS",
        "repo": "nixpkgs",
        "rev": "85141b8609cae8747d29ea9ca66e58828a3a85e4",
        "type": "github"
      },
      "original": {
        "id": "nixpkgs",
        "type": "indirect"
      }
    },
    "nixpkgs_2": {
      "locked": {
        "lastModified": 1616208571,
        "narHash": "sha256-xubP5O3tmZ9coZMSfW/pAHwF/mJvmYThzsBzK00xEE8=",
        "owner": "NixOS",
        "repo": "nixpkgs",
        "rev": "85141b8609cae8747d29ea9ca66e58828a3a85e4",
        "type": "github"
      },
      "original": {
        "owner": "NixOS",
        "repo": "nixpkgs",
        "type": "github"
      }
    },
    "root": {
      "inputs": {
        "home-manager": "home-manager",
        "nixpkgs": "nixpkgs_2"
      }
    }
  },
  "root": "root",
  "version": 7
}
