{
  "nodes": {
    "home-manager": {
      "inputs": {
        "nixpkgs": [
          "nixpkgs"
        ]
      },
      "locked": {
        "lastModified": 1629604291,
        "narHash": "sha256-aeZjd2MQ4eWRla1Ro+8c2gNJc8Dzz8HBlkDGQWiR2tQ=",
        "owner": "nix-community",
        "repo": "home-manager",
        "rev": "9f2b766d0f46fcc87881531e6a86eba514b8260d",
        "type": "github"
      },
      "original": {
        "owner": "nix-community",
        "ref": "release-21.05",
        "repo": "home-manager",
        "type": "github"
      }
    },
    "nixpkgs": {
      "locked": {
        "lastModified": 1629772723,
        "narHash": "sha256-/BQRsa1FsGb7v4xylPnHhU2/chw3EFbCv5/ZaY/eNsE=",
        "owner": "NixOS",
        "repo": "nixpkgs",
        "rev": "d5aadbefd650cb0a05ba9c788a26327afce2396c",
        "type": "github"
      },
      "original": {
        "owner": "NixOS",
        "ref": "nixos-21.05",
        "repo": "nixpkgs",
        "type": "github"
      }
    },
    "nixpkgs-master": {
      "locked": {
        "lastModified": 1629868480,
        "narHash": "sha256-1NQlhYUtQRwAh/jHDRT/FvVH4DQrpG5WiAwndlHwZeg=",
        "owner": "NixOS",
        "repo": "nixpkgs",
        "rev": "85a2af3c76af1d7cad3336423cd63b32d36c5c56",
        "type": "github"
      },
      "original": {
        "owner": "NixOS",
        "ref": "master",
        "repo": "nixpkgs",
        "type": "github"
      }
    },
    "nixpkgs-unstable": {
      "locked": {
        "lastModified": 1630074300,
        "narHash": "sha256-BFM7OiXRs0RvSUZd6NCGAKWVPn3VodgYQ4TUQXxbMBU=",
        "owner": "NixOS",
        "repo": "nixpkgs",
        "rev": "21c937f8cb1e6adcfeb36dfd6c90d9d9bfab1d28",
        "type": "github"
      },
      "original": {
        "owner": "NixOS",
        "ref": "nixos-unstable",
        "repo": "nixpkgs",
        "type": "github"
      }
    },
    "root": {
      "inputs": {
        "home-manager": "home-manager",
        "nixpkgs": "nixpkgs",
        "nixpkgs-master": "nixpkgs-master",
        "nixpkgs-unstable": "nixpkgs-unstable"
      }
    }
  },
  "root": "root",
  "version": 7
}
