{
  "nodes": {
    "home-manager": {
      "inputs": {
        "nixpkgs": "nixpkgs"
      },
      "locked": {
        "lastModified": 1617824794,
        "narHash": "sha256-UGkvzx0nIXHhNq/KwJLjXvKAQRE2V33MuX+UirvqrkQ=",
        "owner": "nix-community",
        "repo": "home-manager",
        "rev": "2aa20ae969f2597c4df10a094440a66e9d7f8c86",
        "type": "github"
      },
      "original": {
        "owner": "nix-community",
        "ref": "release-20.09",
        "repo": "home-manager",
        "type": "github"
      }
    },
    "nixpkgs": {
      "locked": {
        "lastModified": 1618062748,
        "narHash": "sha256-Lf7faoyDS3yLo9DGnt4aRmSnpLN8XXRp5GJQXOSVN2Y=",
        "owner": "NixOS",
        "repo": "nixpkgs",
        "rev": "827fb0a2a8a4bc7bc79b7a646f91efb76662400b",
        "type": "github"
      },
      "original": {
        "id": "nixpkgs",
        "type": "indirect"
      }
    },
    "nixpkgs_2": {
      "locked": {
        "lastModified": 1617958586,
        "narHash": "sha256-Nedx7LR1e8V5/AFhdAC2nGm1ttNCPIuNsZFk5x6HZXE=",
        "owner": "NixOS",
        "repo": "nixpkgs",
        "rev": "a6847cb5460b47241eb35d1a6588652411642066",
        "type": "github"
      },
      "original": {
        "owner": "NixOS",
        "ref": "nixos-20.09",
        "repo": "nixpkgs",
        "type": "github"
      }
    },
    "root": {
      "inputs": {
        "home-manager": "home-manager",
        "nixpkgs": "nixpkgs_2"
      }
    }
  },
  "root": "root",
  "version": 7
}
